
Microsoft Visual Studio Solution File, Format Version 12.00
# Visual Studio Version 17
VisualStudioVersion = 17.12.35707.178
MinimumVisualStudioVersion = 10.0.40219.1
Project("{FAE04EC0-301F-11D3-BF4B-00C04F79EFBC}") = "Fresp", "src\Fresp.csproj", "{298F8E21-905F-4EB3-A076-81A645324D23}"
EndProject
Project("{FAE04EC0-301F-11D3-BF4B-00C04F79EFBC}") = "Fresp.Tests", "tests\Fresp.Tests\Fresp.Tests.csproj", "{83E0CEAA-6C77-4DC4-996B-DCC1C751902A}"
EndProject
Global
	GlobalSection(SolutionConfigurationPlatforms) = preSolution
		Debug|Any CPU = Debug|Any CPU
		Release|Any CPU = Release|Any CPU
	EndGlobalSection
	GlobalSection(ProjectConfigurationPlatforms) = postSolution
		{298F8E21-905F-4EB3-A076-81A645324D23}.Debug|Any CPU.ActiveCfg = Debug|Any CPU
		{298F8E21-905F-4EB3-A076-81A645324D23}.Debug|Any CPU.Build.0 = Debug|Any CPU
		{298F8E21-905F-4EB3-A076-81A645324D23}.Release|Any CPU.ActiveCfg = Release|Any CPU
		{298F8E21-905F-4EB3-A076-81A645324D23}.Release|Any CPU.Build.0 = Release|Any CPU
		{83E0CEAA-6C77-4DC4-996B-DCC1C751902A}.Debug|Any CPU.ActiveCfg = Debug|Any CPU
		{83E0CEAA-6C77-4DC4-996B-DCC1C751902A}.Debug|Any CPU.Build.0 = Debug|Any CPU
		{83E0CEAA-6C77-4DC4-996B-DCC1C751902A}.Release|Any CPU.ActiveCfg = Release|Any CPU
		{83E0CEAA-6C77-4DC4-996B-DCC1C751902A}.Release|Any CPU.Build.0 = Release|Any CPU
	EndGlobalSection
	GlobalSection(SolutionProperties) = preSolution
		HideSolutionNode = FALSE
	EndGlobalSection
EndGlobal
